// !$*UTF8*$!
{
	archiveVersion = 1;
	classes = {
	};
	objectVersion = 56;
	objects = {

/* Begin PBXBuildFile section */
		6D19F0F02A424006005C1062 /* aaaApp.swift in Sources */ = {isa = PBXBuildFile; fileRef = 6D19F0EF2A424006005C1062 /* aaaApp.swift */; };
		6D19F0F22A424006005C1062 /* ContentView.swift in Sources */ = {isa = PBXBuildFile; fileRef = 6D19F0F12A424006005C1062 /* ContentView.swift */; };
		6D19F0F42A424007005C1062 /* Assets.xcassets in Resources */ = {isa = PBXBuildFile; fileRef = 6D19F0F32A424007005C1062 /* Assets.xcassets */; };
		6D19F0F72A424007005C1062 /* Preview Assets.xcassets in Resources */ = {isa = PBXBuildFile; fileRef = 6D19F0F62A424007005C1062 /* Preview Assets.xcassets */; };
		6D19F0F92A424007005C1062 /* Persistence.swift in Sources */ = {isa = PBXBuildFile; fileRef = 6D19F0F82A424007005C1062 /* Persistence.swift */; };
		6D19F0FC2A424007005C1062 /* aaa.xcdatamodeld in Sources */ = {isa = PBXBuildFile; fileRef = 6D19F0FA2A424007005C1062 /* aaa.xcdatamodeld */; };
		6D19F1062A424007005C1062 /* aaaTests.swift in Sources */ = {isa = PBXBuildFile; fileRef = 6D19F1052A424007005C1062 /* aaaTests.swift */; };
		6D19F1102A424007005C1062 /* aaaUITests.swift in Sources */ = {isa = PBXBuildFile; fileRef = 6D19F10F2A424007005C1062 /* aaaUITests.swift */; };
		6D19F1122A424007005C1062 /* aaaUITestsLaunchTests.swift in Sources */ = {isa = PBXBuildFile; fileRef = 6D19F1112A424007005C1062 /* aaaUITestsLaunchTests.swift */; };
/* End PBXBuildFile section */

/* Begin PBXContainerItemProxy section */
		6D19F1022A424007005C1062 /* PBXContainerItemProxy */ = {
			isa = PBXContainerItemProxy;
			containerPortal = 6D19F0E42A424006005C1062 /* Project object */;
			proxyType = 1;
			remoteGlobalIDString = 6D19F0EB2A424006005C1062;
			remoteInfo = aaa;
		};
		6D19F10C2A424007005C1062 /* PBXContainerItemProxy */ = {
			isa = PBXContainerItemProxy;
			containerPortal = 6D19F0E42A424006005C1062 /* Project object */;
			proxyType = 1;
			remoteGlobalIDString = 6D19F0EB2A424006005C1062;
			remoteInfo = aaa;
		};
/* End PBXContainerItemProxy section */

/* Begin PBXFileReference section */
		6D19F0EC2A424006005C1062 /* aaa.app */ = {isa = PBXFileReference; explicitFileType = wrapper.application; includeInIndex = 0; path = aaa.app; sourceTree = BUILT_PRODUCTS_DIR; };
		6D19F0EF2A424006005C1062 /* aaaApp.swift */ = {isa = PBXFileReference; lastKnownFileType = sourcecode.swift; path = aaaApp.swift; sourceTree = "<group>"; };
		6D19F0F12A424006005C1062 /* ContentView.swift */ = {isa = PBXFileReference; lastKnownFileType = sourcecode.swift; path = ContentView.swift; sourceTree = "<group>"; };
		6D19F0F32A424007005C1062 /* Assets.xcassets */ = {isa = PBXFileReference; lastKnownFileType = folder.assetcatalog; path = Assets.xcassets; sourceTree = "<group>"; };
		6D19F0F62A424007005C1062 /* Preview Assets.xcassets */ = {isa = PBXFileReference; lastKnownFileType = folder.assetcatalog; path = "Preview Assets.xcassets"; sourceTree = "<group>"; };
		6D19F0F82A424007005C1062 /* Persistence.swift */ = {isa = PBXFileReference; lastKnownFileType = sourcecode.swift; path = Persistence.swift; sourceTree = "<group>"; };
		6D19F0FB2A424007005C1062 /* aaa.xcdatamodel */ = {isa = PBXFileReference; lastKnownFileType = wrapper.xcdatamodel; path = aaa.xcdatamodel; sourceTree = "<group>"; };
		6D19F1012A424007005C1062 /* aaaTests.xctest */ = {isa = PBXFileReference; explicitFileType = wrapper.cfbundle; includeInIndex = 0; path = aaaTests.xctest; sourceTree = BUILT_PRODUCTS_DIR; };
		6D19F1052A424007005C1062 /* aaaTests.swift */ = {isa = PBXFileReference; lastKnownFileType = sourcecode.swift; path = aaaTests.swift; sourceTree = "<group>"; };
		6D19F10B2A424007005C1062 /* aaaUITests.xctest */ = {isa = PBXFileReference; explicitFileType = wrapper.cfbundle; includeInIndex = 0; path = aaaUITests.xctest; sourceTree = BUILT_PRODUCTS_DIR; };
		6D19F10F2A424007005C1062 /* aaaUITests.swift */ = {isa = PBXFileReference; lastKnownFileType = sourcecode.swift; path = aaaUITests.swift; sourceTree = "<group>"; };
		6D19F1112A424007005C1062 /* aaaUITestsLaunchTests.swift */ = {isa = PBXFileReference; lastKnownFileType = sourcecode.swift; path = aaaUITestsLaunchTests.swift; sourceTree = "<group>"; };
/* End PBXFileReference section */

/* Begin PBXFrameworksBuildPhase section */
		6D19F0E92A424006005C1062 /* Frameworks */ = {
			isa = PBXFrameworksBuildPhase;
			buildActionMask = 2147483647;
			files = (
			);
			runOnlyForDeploymentPostprocessing = 0;
		};
		6D19F0FE2A424007005C1062 /* Frameworks */ = {
			isa = PBXFrameworksBuildPhase;
			buildActionMask = 2147483647;
			files = (
			);
			runOnlyForDeploymentPostprocessing = 0;
		};
		6D19F1082A424007005C1062 /* Frameworks */ = {
			isa = PBXFrameworksBuildPhase;
			buildActionMask = 2147483647;
			files = (
			);
			runOnlyForDeploymentPostprocessing = 0;
		};
/* End PBXFrameworksBuildPhase section */

/* Begin PBXGroup section */
		6D19F0E32A424006005C1062 = {
			isa = PBXGroup;
			children = (
				6D19F0EE2A424006005C1062 /* aaa */,
				6D19F1042A424007005C1062 /* aaaTests */,
				6D19F10E2A424007005C1062 /* aaaUITests */,
				6D19F0ED2A424006005C1062 /* Products */,
			);
			sourceTree = "<group>";
		};
		6D19F0ED2A424006005C1062 /* Products */ = {
			isa = PBXGroup;
			children = (
				6D19F0EC2A424006005C1062 /* aaa.app */,
				6D19F1012A424007005C1062 /* aaaTests.xctest */,
				6D19F10B2A424007005C1062 /* aaaUITests.xctest */,
			);
			name = Products;
			sourceTree = "<group>";
		};
		6D19F0EE2A424006005C1062 /* aaa */ = {
			isa = PBXGroup;
			children = (
				6D19F0EF2A424006005C1062 /* aaaApp.swift */,
				6D19F0F12A424006005C1062 /* ContentView.swift */,
				6D19F0F32A424007005C1062 /* Assets.xcassets */,
				6D19F0F82A424007005C1062 /* Persistence.swift */,
				6D19F0FA2A424007005C1062 /* aaa.xcdatamodeld */,
				6D19F0F52A424007005C1062 /* Preview Content */,
			);
			path = aaa;
			sourceTree = "<group>";
		};
		6D19F0F52A424007005C1062 /* Preview Content */ = {
			isa = PBXGroup;
			children = (
				6D19F0F62A424007005C1062 /* Preview Assets.xcassets */,
			);
			path = "Preview Content";
			sourceTree = "<group>";
		};
		6D19F1042A424007005C1062 /* aaaTests */ = {
			isa = PBXGroup;
			children = (
				6D19F1052A424007005C1062 /* aaaTests.swift */,
			);
			path = aaaTests;
			sourceTree = "<group>";
		};
		6D19F10E2A424007005C1062 /* aaaUITests */ = {
			isa = PBXGroup;
			children = (
				6D19F10F2A424007005C1062 /* aaaUITests.swift */,
				6D19F1112A424007005C1062 /* aaaUITestsLaunchTests.swift */,
			);
			path = aaaUITests;
			sourceTree = "<group>";
		};
/* End PBXGroup section */

/* Begin PBXNativeTarget section */
		6D19F0EB2A424006005C1062 /* aaa */ = {
			isa = PBXNativeTarget;
			buildConfigurationList = 6D19F1152A424007005C1062 /* Build configuration list for PBXNativeTarget "aaa" */;
			buildPhases = (
				6D19F0E82A424006005C1062 /* Sources */,
				6D19F0E92A424006005C1062 /* Frameworks */,
				6D19F0EA2A424006005C1062 /* Resources */,
			);
			buildRules = (
			);
			dependencies = (
			);
			name = aaa;
			productName = aaa;
			productReference = 6D19F0EC2A424006005C1062 /* aaa.app */;
			productType = "com.apple.product-type.application";
		};
		6D19F1002A424007005C1062 /* aaaTests */ = {
			isa = PBXNativeTarget;
			buildConfigurationList = 6D19F1182A424007005C1062 /* Build configuration list for PBXNativeTarget "aaaTests" */;
			buildPhases = (
				6D19F0FD2A424007005C1062 /* Sources */,
				6D19F0FE2A424007005C1062 /* Frameworks */,
				6D19F0FF2A424007005C1062 /* Resources */,
			);
			buildRules = (
			);
			dependencies = (
				6D19F1032A424007005C1062 /* PBXTargetDependency */,
			);
			name = aaaTests;
			productName = aaaTests;
			productReference = 6D19F1012A424007005C1062 /* aaaTests.xctest */;
			productType = "com.apple.product-type.bundle.unit-test";
		};
		6D19F10A2A424007005C1062 /* aaaUITests */ = {
			isa = PBXNativeTarget;
			buildConfigurationList = 6D19F11B2A424007005C1062 /* Build configuration list for PBXNativeTarget "aaaUITests" */;
			buildPhases = (
				6D19F1072A424007005C1062 /* Sources */,
				6D19F1082A424007005C1062 /* Frameworks */,
				6D19F1092A424007005C1062 /* Resources */,
			);
			buildRules = (
			);
			dependencies = (
				6D19F10D2A424007005C1062 /* PBXTargetDependency */,
			);
			name = aaaUITests;
			productName = aaaUITests;
			productReference = 6D19F10B2A424007005C1062 /* aaaUITests.xctest */;
			productType = "com.apple.product-type.bundle.ui-testing";
		};
/* End PBXNativeTarget section */

/* Begin PBXProject section */
		6D19F0E42A424006005C1062 /* Project object */ = {
			isa = PBXProject;
			attributes = {
				BuildIndependentTargetsInParallel = 1;
				LastSwiftUpdateCheck = 1420;
				LastUpgradeCheck = 1420;
				TargetAttributes = {
					6D19F0EB2A424006005C1062 = {
						CreatedOnToolsVersion = 14.2;
					};
					6D19F1002A424007005C1062 = {
						CreatedOnToolsVersion = 14.2;
						TestTargetID = 6D19F0EB2A424006005C1062;
					};
					6D19F10A2A424007005C1062 = {
						CreatedOnToolsVersion = 14.2;
						TestTargetID = 6D19F0EB2A424006005C1062;
					};
				};
			};
			buildConfigurationList = 6D19F0E72A424006005C1062 /* Build configuration list for PBXProject "aaa" */;
			compatibilityVersion = "Xcode 14.0";
			developmentRegion = en;
			hasScannedForEncodings = 0;
			knownRegions = (
				en,
				Base,
			);
			mainGroup = 6D19F0E32A424006005C1062;
			productRefGroup = 6D19F0ED2A424006005C1062 /* Products */;
			projectDirPath = "";
			projectRoot = "";
			targets = (
				6D19F0EB2A424006005C1062 /* aaa */,
				6D19F1002A424007005C1062 /* aaaTests */,
				6D19F10A2A424007005C1062 /* aaaUITests */,
			);
		};
/* End PBXProject section */

/* Begin PBXResourcesBuildPhase section */
		6D19F0EA2A424006005C1062 /* Resources */ = {
			isa = PBXResourcesBuildPhase;
			buildActionMask = 2147483647;
			files = (
				6D19F0F72A424007005C1062 /* Preview Assets.xcassets in Resources */,
				6D19F0F42A424007005C1062 /* Assets.xcassets in Resources */,
			);
			runOnlyForDeploymentPostprocessing = 0;
		};
		6D19F0FF2A424007005C1062 /* Resources */ = {
			isa = PBXResourcesBuildPhase;
			buildActionMask = 2147483647;
			files = (
			);
			runOnlyForDeploymentPostprocessing = 0;
		};
		6D19F1092A424007005C1062 /* Resources */ = {
			isa = PBXResourcesBuildPhase;
			buildActionMask = 2147483647;
			files = (
			);
			runOnlyForDeploymentPostprocessing = 0;
		};
/* End PBXResourcesBuildPhase section */

/* Begin PBXSourcesBuildPhase section */
		6D19F0E82A424006005C1062 /* Sources */ = {
			isa = PBXSourcesBuildPhase;
			buildActionMask = 2147483647;
			files = (
				6D19F0F92A424007005C1062 /* Persistence.swift in Sources */,
				6D19F0F22A424006005C1062 /* ContentView.swift in Sources */,
				6D19F0F02A424006005C1062 /* aaaApp.swift in Sources */,
				6D19F0FC2A424007005C1062 /* aaa.xcdatamodeld in Sources */,
			);
			runOnlyForDeploymentPostprocessing = 0;
		};
		6D19F0FD2A424007005C1062 /* Sources */ = {
			isa = PBXSourcesBuildPhase;
			buildActionMask = 2147483647;
			files = (
				6D19F1062A424007005C1062 /* aaaTests.swift in Sources */,
			);
			runOnlyForDeploymentPostprocessing = 0;
		};
		6D19F1072A424007005C1062 /* Sources */ = {
			isa = PBXSourcesBuildPhase;
			buildActionMask = 2147483647;
			files = (
				6D19F1122A424007005C1062 /* aaaUITestsLaunchTests.swift in Sources */,
				6D19F1102A424007005C1062 /* aaaUITests.swift in Sources */,
			);
			runOnlyForDeploymentPostprocessing = 0;
		};
/* End PBXSourcesBuildPhase section */

/* Begin PBXTargetDependency section */
		6D19F1032A424007005C1062 /* PBXTargetDependency */ = {
			isa = PBXTargetDependency;
			target = 6D19F0EB2A424006005C1062 /* aaa */;
			targetProxy = 6D19F1022A424007005C1062 /* PBXContainerItemProxy */;
		};
		6D19F10D2A424007005C1062 /* PBXTargetDependency */ = {
			isa = PBXTargetDependency;
			target = 6D19F0EB2A424006005C1062 /* aaa */;
			targetProxy = 6D19F10C2A424007005C1062 /* PBXContainerItemProxy */;
		};
/* End PBXTargetDependency section */

/* Begin XCBuildConfiguration section */
		6D19F1132A424007005C1062 /* Debug */ = {
			isa = XCBuildConfiguration;
			buildSettings = {
				ALWAYS_SEARCH_USER_PATHS = NO;
				CLANG_ANALYZER_NONNULL = YES;
				CLANG_ANALYZER_NUMBER_OBJECT_CONVERSION = YES_AGGRESSIVE;
				CLANG_CXX_LANGUAGE_STANDARD = "gnu++20";
				CLANG_ENABLE_MODULES = YES;
				CLANG_ENABLE_OBJC_ARC = YES;
				CLANG_ENABLE_OBJC_WEAK = YES;
				CLANG_WARN_BLOCK_CAPTURE_AUTORELEASING = YES;
				CLANG_WARN_BOOL_CONVERSION = YES;
				CLANG_WARN_COMMA = YES;
				CLANG_WARN_CONSTANT_CONVERSION = YES;
				CLANG_WARN_DEPRECATED_OBJC_IMPLEMENTATIONS = YES;
				CLANG_WARN_DIRECT_OBJC_ISA_USAGE = YES_ERROR;
				CLANG_WARN_DOCUMENTATION_COMMENTS = YES;
				CLANG_WARN_EMPTY_BODY = YES;
				CLANG_WARN_ENUM_CONVERSION = YES;
				CLANG_WARN_INFINITE_RECURSION = YES;
				CLANG_WARN_INT_CONVERSION = YES;
				CLANG_WARN_NON_LITERAL_NULL_CONVERSION = YES;
				CLANG_WARN_OBJC_IMPLICIT_RETAIN_SELF = YES;
				CLANG_WARN_OBJC_LITERAL_CONVERSION = YES;
				CLANG_WARN_OBJC_ROOT_CLASS = YES_ERROR;
				CLANG_WARN_QUOTED_INCLUDE_IN_FRAMEWORK_HEADER = YES;
				CLANG_WARN_RANGE_LOOP_ANALYSIS = YES;
				CLANG_WARN_STRICT_PROTOTYPES = YES;
				CLANG_WARN_SUSPICIOUS_MOVE = YES;
				CLANG_WARN_UNGUARDED_AVAILABILITY = YES_AGGRESSIVE;
				CLANG_WARN_UNREACHABLE_CODE = YES;
				CLANG_WARN__DUPLICATE_METHOD_MATCH = YES;
				COPY_PHASE_STRIP = NO;
				DEBUG_INFORMATION_FORMAT = dwarf;
				ENABLE_STRICT_OBJC_MSGSEND = YES;
				ENABLE_TESTABILITY = YES;
				GCC_C_LANGUAGE_STANDARD = gnu11;
				GCC_DYNAMIC_NO_PIC = NO;
				GCC_NO_COMMON_BLOCKS = YES;
				GCC_OPTIMIZATION_LEVEL = 0;
				GCC_PREPROCESSOR_DEFINITIONS = (
					"DEBUG=1",
					"$(inherited)",
				);
				GCC_WARN_64_TO_32_BIT_CONVERSION = YES;
				GCC_WARN_ABOUT_RETURN_TYPE = YES_ERROR;
				GCC_WARN_UNDECLARED_SELECTOR = YES;
				GCC_WARN_UNINITIALIZED_AUTOS = YES_AGGRESSIVE;
				GCC_WARN_UNUSED_FUNCTION = YES;
				GCC_WARN_UNUSED_VARIABLE = YES;
				IPHONEOS_DEPLOYMENT_TARGET = 16.2;
				MTL_ENABLE_DEBUG_INFO = INCLUDE_SOURCE;
				MTL_FAST_MATH = YES;
				ONLY_ACTIVE_ARCH = YES;
				SDKROOT = iphoneos;
				SWIFT_ACTIVE_COMPILATION_CONDITIONS = DEBUG;
				SWIFT_OPTIMIZATION_LEVEL = "-Onone";
			};
			name = Debug;
		};
		6D19F1142A424007005C1062 /* Release */ = {
			isa = XCBuildConfiguration;
			buildSettings = {
				ALWAYS_SEARCH_USER_PATHS = NO;
				CLANG_ANALYZER_NONNULL = YES;
				CLANG_ANALYZER_NUMBER_OBJECT_CONVERSION = YES_AGGRESSIVE;
				CLANG_CXX_LANGUAGE_STANDARD = "gnu++20";
				CLANG_ENABLE_MODULES = YES;
				CLANG_ENABLE_OBJC_ARC = YES;
				CLANG_ENABLE_OBJC_WEAK = YES;
				CLANG_WARN_BLOCK_CAPTURE_AUTORELEASING = YES;
				CLANG_WARN_BOOL_CONVERSION = YES;
				CLANG_WARN_COMMA = YES;
				CLANG_WARN_CONSTANT_CONVERSION = YES;
				CLANG_WARN_DEPRECATED_OBJC_IMPLEMENTATIONS = YES;
				CLANG_WARN_DIRECT_OBJC_ISA_USAGE = YES_ERROR;
				CLANG_WARN_DOCUMENTATION_COMMENTS = YES;
				CLANG_WARN_EMPTY_BODY = YES;
				CLANG_WARN_ENUM_CONVERSION = YES;
				CLANG_WARN_INFINITE_RECURSION = YES;
				CLANG_WARN_INT_CONVERSION = YES;
				CLANG_WARN_NON_LITERAL_NULL_CONVERSION = YES;
				CLANG_WARN_OBJC_IMPLICIT_RETAIN_SELF = YES;
				CLANG_WARN_OBJC_LITERAL_CONVERSION = YES;
				CLANG_WARN_OBJC_ROOT_CLASS = YES_ERROR;
				CLANG_WARN_QUOTED_INCLUDE_IN_FRAMEWORK_HEADER = YES;
				CLANG_WARN_RANGE_LOOP_ANALYSIS = YES;
				CLANG_WARN_STRICT_PROTOTYPES = YES;
				CLANG_WARN_SUSPICIOUS_MOVE = YES;
				CLANG_WARN_UNGUARDED_AVAILABILITY = YES_AGGRESSIVE;
				CLANG_WARN_UNREACHABLE_CODE = YES;
				CLANG_WARN__DUPLICATE_METHOD_MATCH = YES;
				COPY_PHASE_STRIP = NO;
				DEBUG_INFORMATION_FORMAT = "dwarf-with-dsym";
				ENABLE_NS_ASSERTIONS = NO;
				ENABLE_STRICT_OBJC_MSGSEND = YES;
				GCC_C_LANGUAGE_STANDARD = gnu11;
				GCC_NO_COMMON_BLOCKS = YES;
				GCC_WARN_64_TO_32_BIT_CONVERSION = YES;
				GCC_WARN_ABOUT_RETURN_TYPE = YES_ERROR;
				GCC_WARN_UNDECLARED_SELECTOR = YES;
				GCC_WARN_UNINITIALIZED_AUTOS = YES_AGGRESSIVE;
				GCC_WARN_UNUSED_FUNCTION = YES;
				GCC_WARN_UNUSED_VARIABLE = YES;
				IPHONEOS_DEPLOYMENT_TARGET = 16.2;
				MTL_ENABLE_DEBUG_INFO = NO;
				MTL_FAST_MATH = YES;
				SDKROOT = iphoneos;
				SWIFT_COMPILATION_MODE = wholemodule;
				SWIFT_OPTIMIZATION_LEVEL = "-O";
				VALIDATE_PRODUCT = YES;
			};
			name = Release;
		};
		6D19F1162A424007005C1062 /* Debug */ = {
			isa = XCBuildConfiguration;
			buildSettings = {
				ASSETCATALOG_COMPILER_APPICON_NAME = AppIcon;
				ASSETCATALOG_COMPILER_GLOBAL_ACCENT_COLOR_NAME = AccentColor;
				CODE_SIGN_STYLE = Automatic;
				CURRENT_PROJECT_VERSION = 1;
				DEVELOPMENT_ASSET_PATHS = "\"aaa/Preview Content\"";
				ENABLE_PREVIEWS = YES;
				GENERATE_INFOPLIST_FILE = YES;
				INFOPLIST_KEY_UIApplicationSceneManifest_Generation = YES;
				INFOPLIST_KEY_UIApplicationSupportsIndirectInputEvents = YES;
				INFOPLIST_KEY_UILaunchScreen_Generation = YES;
				INFOPLIST_KEY_UISupportedInterfaceOrientations_iPad = "UIInterfaceOrientationPortrait UIInterfaceOrientationPortraitUpsideDown UIInterfaceOrientationLandscapeLeft UIInterfaceOrientationLandscapeRight";
				INFOPLIST_KEY_UISupportedInterfaceOrientations_iPhone = "UIInterfaceOrientationPortrait UIInterfaceOrientationLandscapeLeft UIInterfaceOrientationLandscapeRight";
				LD_RUNPATH_SEARCH_PATHS = (
					"$(inherited)",
					"@executable_path/Frameworks",
				);
				MARKETING_VERSION = 1.0;
				PRODUCT_BUNDLE_IDENTIFIER = wozniackia.aaa;
				PRODUCT_NAME = "$(TARGET_NAME)";
				SWIFT_EMIT_LOC_STRINGS = YES;
				SWIFT_VERSION = 5.0;
				TARGETED_DEVICE_FAMILY = "1,2";
			};
			name = Debug;
		};
		6D19F1172A424007005C1062 /* Release */ = {
			isa = XCBuildConfiguration;
			buildSettings = {
				ASSETCATALOG_COMPILER_APPICON_NAME = AppIcon;
				ASSETCATALOG_COMPILER_GLOBAL_ACCENT_COLOR_NAME = AccentColor;
				CODE_SIGN_STYLE = Automatic;
				CURRENT_PROJECT_VERSION = 1;
				DEVELOPMENT_ASSET_PATHS = "\"aaa/Preview Content\"";
				ENABLE_PREVIEWS = YES;
				GENERATE_INFOPLIST_FILE = YES;
				INFOPLIST_KEY_UIApplicationSceneManifest_Generation = YES;
				INFOPLIST_KEY_UIApplicationSupportsIndirectInputEvents = YES;
				INFOPLIST_KEY_UILaunchScreen_Generation = YES;
				INFOPLIST_KEY_UISupportedInterfaceOrientations_iPad = "UIInterfaceOrientationPortrait UIInterfaceOrientationPortraitUpsideDown UIInterfaceOrientationLandscapeLeft UIInterfaceOrientationLandscapeRight";
				INFOPLIST_KEY_UISupportedInterfaceOrientations_iPhone = "UIInterfaceOrientationPortrait UIInterfaceOrientationLandscapeLeft UIInterfaceOrientationLandscapeRight";
				LD_RUNPATH_SEARCH_PATHS = (
					"$(inherited)",
					"@executable_path/Frameworks",
				);
				MARKETING_VERSION = 1.0;
				PRODUCT_BUNDLE_IDENTIFIER = wozniackia.aaa;
				PRODUCT_NAME = "$(TARGET_NAME)";
				SWIFT_EMIT_LOC_STRINGS = YES;
				SWIFT_VERSION = 5.0;
				TARGETED_DEVICE_FAMILY = "1,2";
			};
			name = Release;
		};
		6D19F1192A424007005C1062 /* Debug */ = {
			isa = XCBuildConfiguration;
			buildSettings = {
				ALWAYS_EMBED_SWIFT_STANDARD_LIBRARIES = YES;
				BUNDLE_LOADER = "$(TEST_HOST)";
				CODE_SIGN_STYLE = Automatic;
				CURRENT_PROJECT_VERSION = 1;
				GENERATE_INFOPLIST_FILE = YES;
				IPHONEOS_DEPLOYMENT_TARGET = 16.2;
				MARKETING_VERSION = 1.0;
				PRODUCT_BUNDLE_IDENTIFIER = wozniackia.aaaTests;
				PRODUCT_NAME = "$(TARGET_NAME)";
				SWIFT_EMIT_LOC_STRINGS = NO;
				SWIFT_VERSION = 5.0;
				TARGETED_DEVICE_FAMILY = "1,2";
				TEST_HOST = "$(BUILT_PRODUCTS_DIR)/aaa.app/$(BUNDLE_EXECUTABLE_FOLDER_PATH)/aaa";
			};
			name = Debug;
		};
		6D19F11A2A424007005C1062 /* Release */ = {
			isa = XCBuildConfiguration;
			buildSettings = {
				ALWAYS_EMBED_SWIFT_STANDARD_LIBRARIES = YES;
				BUNDLE_LOADER = "$(TEST_HOST)";
				CODE_SIGN_STYLE = Automatic;
				CURRENT_PROJECT_VERSION = 1;
				GENERATE_INFOPLIST_FILE = YES;
				IPHONEOS_DEPLOYMENT_TARGET = 16.2;
				MARKETING_VERSION = 1.0;
				PRODUCT_BUNDLE_IDENTIFIER = wozniackia.aaaTests;
				PRODUCT_NAME = "$(TARGET_NAME)";
				SWIFT_EMIT_LOC_STRINGS = NO;
				SWIFT_VERSION = 5.0;
				TARGETED_DEVICE_FAMILY = "1,2";
				TEST_HOST = "$(BUILT_PRODUCTS_DIR)/aaa.app/$(BUNDLE_EXECUTABLE_FOLDER_PATH)/aaa";
			};
			name = Release;
		};
		6D19F11C2A424007005C1062 /* Debug */ = {
			isa = XCBuildConfiguration;
			buildSettings = {
				ALWAYS_EMBED_SWIFT_STANDARD_LIBRARIES = YES;
				CODE_SIGN_STYLE = Automatic;
				CURRENT_PROJECT_VERSION = 1;
				GENERATE_INFOPLIST_FILE = YES;
				MARKETING_VERSION = 1.0;
				PRODUCT_BUNDLE_IDENTIFIER = wozniackia.aaaUITests;
				PRODUCT_NAME = "$(TARGET_NAME)";
				SWIFT_EMIT_LOC_STRINGS = NO;
				SWIFT_VERSION = 5.0;
				TARGETED_DEVICE_FAMILY = "1,2";
				TEST_TARGET_NAME = aaa;
			};
			name = Debug;
		};
		6D19F11D2A424007005C1062 /* Release */ = {
			isa = XCBuildConfiguration;
			buildSettings = {
				ALWAYS_EMBED_SWIFT_STANDARD_LIBRARIES = YES;
				CODE_SIGN_STYLE = Automatic;
				CURRENT_PROJECT_VERSION = 1;
				GENERATE_INFOPLIST_FILE = YES;
				MARKETING_VERSION = 1.0;
				PRODUCT_BUNDLE_IDENTIFIER = wozniackia.aaaUITests;
				PRODUCT_NAME = "$(TARGET_NAME)";
				SWIFT_EMIT_LOC_STRINGS = NO;
				SWIFT_VERSION = 5.0;
				TARGETED_DEVICE_FAMILY = "1,2";
				TEST_TARGET_NAME = aaa;
			};
			name = Release;
		};
/* End XCBuildConfiguration section */

/* Begin XCConfigurationList section */
		6D19F0E72A424006005C1062 /* Build configuration list for PBXProject "aaa" */ = {
			isa = XCConfigurationList;
			buildConfigurations = (
				6D19F1132A424007005C1062 /* Debug */,
				6D19F1142A424007005C1062 /* Release */,
			);
			defaultConfigurationIsVisible = 0;
			defaultConfigurationName = Release;
		};
		6D19F1152A424007005C1062 /* Build configuration list for PBXNativeTarget "aaa" */ = {
			isa = XCConfigurationList;
			buildConfigurations = (
				6D19F1162A424007005C1062 /* Debug */,
				6D19F1172A424007005C1062 /* Release */,
			);
			defaultConfigurationIsVisible = 0;
			defaultConfigurationName = Release;
		};
		6D19F1182A424007005C1062 /* Build configuration list for PBXNativeTarget "aaaTests" */ = {
			isa = XCConfigurationList;
			buildConfigurations = (
				6D19F1192A424007005C1062 /* Debug */,
				6D19F11A2A424007005C1062 /* Release */,
			);
			defaultConfigurationIsVisible = 0;
			defaultConfigurationName = Release;
		};
		6D19F11B2A424007005C1062 /* Build configuration list for PBXNativeTarget "aaaUITests" */ = {
			isa = XCConfigurationList;
			buildConfigurations = (
				6D19F11C2A424007005C1062 /* Debug */,
				6D19F11D2A424007005C1062 /* Release */,
			);
			defaultConfigurationIsVisible = 0;
			defaultConfigurationName = Release;
		};
/* End XCConfigurationList section */

/* Begin XCVersionGroup section */
		6D19F0FA2A424007005C1062 /* aaa.xcdatamodeld */ = {
			isa = XCVersionGroup;
			children = (
				6D19F0FB2A424007005C1062 /* aaa.xcdatamodel */,
			);
			currentVersion = 6D19F0FB2A424007005C1062 /* aaa.xcdatamodel */;
			path = aaa.xcdatamodeld;
			sourceTree = "<group>";
			versionGroupType = wrapper.xcdatamodel;
		};
/* End XCVersionGroup section */
	};
	rootObject = 6D19F0E42A424006005C1062 /* Project object */;
}
